// !$*UTF8*$!
{
	archiveVersion = 1;
	classes = {
	};
	objectVersion = 48;
	objects = {

/* Begin PBXBuildFile section */
		6809EE8E20DA307600045E3A /* libsqlite3.tbd in Frameworks */ = {isa = PBXBuildFile; fileRef = 6809EE8D20DA307600045E3A /* libsqlite3.tbd */; };
		6809EE9120DA317400045E3A /* Student.m in Sources */ = {isa = PBXBuildFile; fileRef = 6809EE9020DA317300045E3A /* Student.m */; };
		6809EE9720DA372300045E3A /* DJHud.m in Sources */ = {isa = PBXBuildFile; fileRef = 6809EE9420DA372300045E3A /* DJHud.m */; };
		6809EE9820DA372300045E3A /* DJAlertView.m in Sources */ = {isa = PBXBuildFile; fileRef = 6809EE9620DA372300045E3A /* DJAlertView.m */; };
		687B832F20C93E5C006F11BC /* DJObject.m in Sources */ = {isa = PBXBuildFile; fileRef = 687B832E20C93E5C006F11BC /* DJObject.m */; };
		687C87B620E33A8900E9415C /* XHLoadingView.m in Sources */ = {isa = PBXBuildFile; fileRef = 687C87B420E33A8800E9415C /* XHLoadingView.m */; };
		687C87B820E33AD200E9415C /* MobileCoreServices.framework in Frameworks */ = {isa = PBXBuildFile; fileRef = 687C87B720E33AD200E9415C /* MobileCoreServices.framework */; };
		687C87BA20E33ADC00E9415C /* ImageIO.framework in Frameworks */ = {isa = PBXBuildFile; fileRef = 687C87B920E33ADC00E9415C /* ImageIO.framework */; };
		687C87BD20E33E2300E9415C /* run.gif in Resources */ = {isa = PBXBuildFile; fileRef = 687C87BB20E33E2200E9415C /* run.gif */; };
		687C87BE20E33E2300E9415C /* ride.gif in Resources */ = {isa = PBXBuildFile; fileRef = 687C87BC20E33E2300E9415C /* ride.gif */; };
		688FBD682087395C00EF1924 /* AppDelegate.m in Sources */ = {isa = PBXBuildFile; fileRef = 688FBD672087395C00EF1924 /* AppDelegate.m */; };
		688FBD6B2087395C00EF1924 /* ViewController.m in Sources */ = {isa = PBXBuildFile; fileRef = 688FBD6A2087395C00EF1924 /* ViewController.m */; };
		688FBD702087395C00EF1924 /* Assets.xcassets in Resources */ = {isa = PBXBuildFile; fileRef = 688FBD6F2087395C00EF1924 /* Assets.xcassets */; };
		688FBD732087395C00EF1924 /* LaunchScreen.storyboard in Resources */ = {isa = PBXBuildFile; fileRef = 688FBD712087395C00EF1924 /* LaunchScreen.storyboard */; };
		688FBD762087395C00EF1924 /* main.m in Sources */ = {isa = PBXBuildFile; fileRef = 688FBD752087395C00EF1924 /* main.m */; };
		688FBD802087395C00EF1924 /* DJDemoTests.m in Sources */ = {isa = PBXBuildFile; fileRef = 688FBD7F2087395C00EF1924 /* DJDemoTests.m */; };
		688FBD8B2087395C00EF1924 /* DJDemoUITests.m in Sources */ = {isa = PBXBuildFile; fileRef = 688FBD8A2087395C00EF1924 /* DJDemoUITests.m */; };
		68BD868F20BE771E0079B677 /* NSNull+NULLExtension.m in Sources */ = {isa = PBXBuildFile; fileRef = 68BD868B20BE771E0079B677 /* NSNull+NULLExtension.m */; };
		68BD869020BE771E0079B677 /* UIViewController+Animation.m in Sources */ = {isa = PBXBuildFile; fileRef = 68BD868D20BE771E0079B677 /* UIViewController+Animation.m */; };
		68D6731B20A2847A00F24CBA /* DJBaseNavigationController.m in Sources */ = {isa = PBXBuildFile; fileRef = 68D6731A20A2847A00F24CBA /* DJBaseNavigationController.m */; };
		68D6731E20A2849200F24CBA /* DJBaseViewController.m in Sources */ = {isa = PBXBuildFile; fileRef = 68D6731D20A2849200F24CBA /* DJBaseViewController.m */; };
		68ECAA3420F736E100482E0A /* DJCollectionViewFlowLayout.m in Sources */ = {isa = PBXBuildFile; fileRef = 68ECAA3320F736E100482E0A /* DJCollectionViewFlowLayout.m */; };
		68ECAA3720F7389000482E0A /* DJCollectionReusableView.m in Sources */ = {isa = PBXBuildFile; fileRef = 68ECAA3620F7389000482E0A /* DJCollectionReusableView.m */; };
		68ECAA3A20F738AB00482E0A /* DJCollectionViewLayoutAttributes.m in Sources */ = {isa = PBXBuildFile; fileRef = 68ECAA3920F738AB00482E0A /* DJCollectionViewLayoutAttributes.m */; };
		68ECAA3E20F7424800482E0A /* CollectionReusableView.m in Sources */ = {isa = PBXBuildFile; fileRef = 68ECAA3C20F7424700482E0A /* CollectionReusableView.m */; };
		68ECAA3F20F7424800482E0A /* CollectionReusableView.xib in Resources */ = {isa = PBXBuildFile; fileRef = 68ECAA3D20F7424800482E0A /* CollectionReusableView.xib */; };
		68ECAA4620F74FE800482E0A /* JHCollectionViewLayoutAttributes.m in Sources */ = {isa = PBXBuildFile; fileRef = 68ECAA4320F74FE800482E0A /* JHCollectionViewLayoutAttributes.m */; };
		68ECAA4720F74FE800482E0A /* JHCollectionReusableView.m in Sources */ = {isa = PBXBuildFile; fileRef = 68ECAA4420F74FE800482E0A /* JHCollectionReusableView.m */; };
		68ECAA4820F74FE800482E0A /* JHCollectionViewFlowLayout.m in Sources */ = {isa = PBXBuildFile; fileRef = 68ECAA4520F74FE800482E0A /* JHCollectionViewFlowLayout.m */; };
		8E04A6790C83EED278776517 /* libPods-DJDemo.a in Frameworks */ = {isa = PBXBuildFile; fileRef = 540D95C51904798773DBC8AD /* libPods-DJDemo.a */; };
/* End PBXBuildFile section */

/* Begin PBXContainerItemProxy section */
		688FBD7C2087395C00EF1924 /* PBXContainerItemProxy */ = {
			isa = PBXContainerItemProxy;
			containerPortal = 688FBD5B2087395C00EF1924 /* Project object */;
			proxyType = 1;
			remoteGlobalIDString = 688FBD622087395C00EF1924;
			remoteInfo = DJDemo;
		};
		688FBD872087395C00EF1924 /* PBXContainerItemProxy */ = {
			isa = PBXContainerItemProxy;
			containerPortal = 688FBD5B2087395C00EF1924 /* Project object */;
			proxyType = 1;
			remoteGlobalIDString = 688FBD622087395C00EF1924;
			remoteInfo = DJDemo;
		};
/* End PBXContainerItemProxy section */

/* Begin PBXFileReference section */
		540D95C51904798773DBC8AD /* libPods-DJDemo.a */ = {isa = PBXFileReference; explicitFileType = archive.ar; includeInIndex = 0; path = "libPods-DJDemo.a"; sourceTree = BUILT_PRODUCTS_DIR; };
		6809EE8D20DA307600045E3A /* libsqlite3.tbd */ = {isa = PBXFileReference; lastKnownFileType = "sourcecode.text-based-dylib-definition"; name = libsqlite3.tbd; path = usr/lib/libsqlite3.tbd; sourceTree = SDKROOT; };
		6809EE8F20DA317300045E3A /* Student.h */ = {isa = PBXFileReference; lastKnownFileType = sourcecode.c.h; path = Student.h; sourceTree = "<group>"; };
		6809EE9020DA317300045E3A /* Student.m */ = {isa = PBXFileReference; lastKnownFileType = sourcecode.c.objc; path = Student.m; sourceTree = "<group>"; };
		6809EE9220DA325A00045E3A /* PrefixHeader.pch */ = {isa = PBXFileReference; lastKnownFileType = sourcecode.c.h; path = PrefixHeader.pch; sourceTree = "<group>"; };
		6809EE9320DA372300045E3A /* DJAlertView.h */ = {isa = PBXFileReference; fileEncoding = 4; lastKnownFileType = sourcecode.c.h; path = DJAlertView.h; sourceTree = "<group>"; };
		6809EE9420DA372300045E3A /* DJHud.m */ = {isa = PBXFileReference; fileEncoding = 4; lastKnownFileType = sourcecode.c.objc; path = DJHud.m; sourceTree = "<group>"; };
		6809EE9520DA372300045E3A /* DJHud.h */ = {isa = PBXFileReference; fileEncoding = 4; lastKnownFileType = sourcecode.c.h; path = DJHud.h; sourceTree = "<group>"; };
		6809EE9620DA372300045E3A /* DJAlertView.m */ = {isa = PBXFileReference; fileEncoding = 4; lastKnownFileType = sourcecode.c.objc; path = DJAlertView.m; sourceTree = "<group>"; };
		687B832D20C93E5C006F11BC /* DJObject.h */ = {isa = PBXFileReference; lastKnownFileType = sourcecode.c.h; path = DJObject.h; sourceTree = "<group>"; };
		687B832E20C93E5C006F11BC /* DJObject.m */ = {isa = PBXFileReference; lastKnownFileType = sourcecode.c.objc; path = DJObject.m; sourceTree = "<group>"; };
		687C87B420E33A8800E9415C /* XHLoadingView.m */ = {isa = PBXFileReference; fileEncoding = 4; lastKnownFileType = sourcecode.c.objc; path = XHLoadingView.m; sourceTree = "<group>"; };
		687C87B520E33A8800E9415C /* XHLoadingView.h */ = {isa = PBXFileReference; fileEncoding = 4; lastKnownFileType = sourcecode.c.h; path = XHLoadingView.h; sourceTree = "<group>"; };
		687C87B720E33AD200E9415C /* MobileCoreServices.framework */ = {isa = PBXFileReference; lastKnownFileType = wrapper.framework; name = MobileCoreServices.framework; path = System/Library/Frameworks/MobileCoreServices.framework; sourceTree = SDKROOT; };
		687C87B920E33ADC00E9415C /* ImageIO.framework */ = {isa = PBXFileReference; lastKnownFileType = wrapper.framework; name = ImageIO.framework; path = System/Library/Frameworks/ImageIO.framework; sourceTree = SDKROOT; };
		687C87BB20E33E2200E9415C /* run.gif */ = {isa = PBXFileReference; lastKnownFileType = image.gif; path = run.gif; sourceTree = "<group>"; };
		687C87BC20E33E2300E9415C /* ride.gif */ = {isa = PBXFileReference; lastKnownFileType = image.gif; path = ride.gif; sourceTree = "<group>"; };
		688FBD632087395C00EF1924 /* DJDemo.app */ = {isa = PBXFileReference; explicitFileType = wrapper.application; includeInIndex = 0; path = DJDemo.app; sourceTree = BUILT_PRODUCTS_DIR; };
		688FBD662087395C00EF1924 /* AppDelegate.h */ = {isa = PBXFileReference; lastKnownFileType = sourcecode.c.h; path = AppDelegate.h; sourceTree = "<group>"; };
		688FBD672087395C00EF1924 /* AppDelegate.m */ = {isa = PBXFileReference; lastKnownFileType = sourcecode.c.objc; path = AppDelegate.m; sourceTree = "<group>"; };
		688FBD692087395C00EF1924 /* ViewController.h */ = {isa = PBXFileReference; lastKnownFileType = sourcecode.c.h; path = ViewController.h; sourceTree = "<group>"; };
		688FBD6A2087395C00EF1924 /* ViewController.m */ = {isa = PBXFileReference; lastKnownFileType = sourcecode.c.objc; path = ViewController.m; sourceTree = "<group>"; };
		688FBD6F2087395C00EF1924 /* Assets.xcassets */ = {isa = PBXFileReference; lastKnownFileType = folder.assetcatalog; path = Assets.xcassets; sourceTree = "<group>"; };
		688FBD722087395C00EF1924 /* Base */ = {isa = PBXFileReference; lastKnownFileType = file.storyboard; name = Base; path = Base.lproj/LaunchScreen.storyboard; sourceTree = "<group>"; };
		688FBD742087395C00EF1924 /* Info.plist */ = {isa = PBXFileReference; lastKnownFileType = text.plist.xml; path = Info.plist; sourceTree = "<group>"; };
		688FBD752087395C00EF1924 /* main.m */ = {isa = PBXFileReference; lastKnownFileType = sourcecode.c.objc; path = main.m; sourceTree = "<group>"; };
		688FBD7B2087395C00EF1924 /* DJDemoTests.xctest */ = {isa = PBXFileReference; explicitFileType = wrapper.cfbundle; includeInIndex = 0; path = DJDemoTests.xctest; sourceTree = BUILT_PRODUCTS_DIR; };
		688FBD7F2087395C00EF1924 /* DJDemoTests.m */ = {isa = PBXFileReference; lastKnownFileType = sourcecode.c.objc; path = DJDemoTests.m; sourceTree = "<group>"; };
		688FBD812087395C00EF1924 /* Info.plist */ = {isa = PBXFileReference; lastKnownFileType = text.plist.xml; path = Info.plist; sourceTree = "<group>"; };
		688FBD862087395C00EF1924 /* DJDemoUITests.xctest */ = {isa = PBXFileReference; explicitFileType = wrapper.cfbundle; includeInIndex = 0; path = DJDemoUITests.xctest; sourceTree = BUILT_PRODUCTS_DIR; };
		688FBD8A2087395C00EF1924 /* DJDemoUITests.m */ = {isa = PBXFileReference; lastKnownFileType = sourcecode.c.objc; path = DJDemoUITests.m; sourceTree = "<group>"; };
		688FBD8C2087395C00EF1924 /* Info.plist */ = {isa = PBXFileReference; lastKnownFileType = text.plist.xml; path = Info.plist; sourceTree = "<group>"; };
		68BD868B20BE771E0079B677 /* NSNull+NULLExtension.m */ = {isa = PBXFileReference; fileEncoding = 4; lastKnownFileType = sourcecode.c.objc; path = "NSNull+NULLExtension.m"; sourceTree = "<group>"; };
		68BD868C20BE771E0079B677 /* UIViewController+Animation.h */ = {isa = PBXFileReference; fileEncoding = 4; lastKnownFileType = sourcecode.c.h; path = "UIViewController+Animation.h"; sourceTree = "<group>"; };
		68BD868D20BE771E0079B677 /* UIViewController+Animation.m */ = {isa = PBXFileReference; fileEncoding = 4; lastKnownFileType = sourcecode.c.objc; path = "UIViewController+Animation.m"; sourceTree = "<group>"; };
		68BD868E20BE771E0079B677 /* NSNull+NULLExtension.h */ = {isa = PBXFileReference; fileEncoding = 4; lastKnownFileType = sourcecode.c.h; path = "NSNull+NULLExtension.h"; sourceTree = "<group>"; };
		68D6731920A2847A00F24CBA /* DJBaseNavigationController.h */ = {isa = PBXFileReference; lastKnownFileType = sourcecode.c.h; path = DJBaseNavigationController.h; sourceTree = "<group>"; };
		68D6731A20A2847A00F24CBA /* DJBaseNavigationController.m */ = {isa = PBXFileReference; lastKnownFileType = sourcecode.c.objc; path = DJBaseNavigationController.m; sourceTree = "<group>"; };
		68D6731C20A2849200F24CBA /* DJBaseViewController.h */ = {isa = PBXFileReference; lastKnownFileType = sourcecode.c.h; path = DJBaseViewController.h; sourceTree = "<group>"; };
		68D6731D20A2849200F24CBA /* DJBaseViewController.m */ = {isa = PBXFileReference; lastKnownFileType = sourcecode.c.objc; path = DJBaseViewController.m; sourceTree = "<group>"; };
		68ECAA3220F736E100482E0A /* DJCollectionViewFlowLayout.h */ = {isa = PBXFileReference; lastKnownFileType = sourcecode.c.h; path = DJCollectionViewFlowLayout.h; sourceTree = "<group>"; };
		68ECAA3320F736E100482E0A /* DJCollectionViewFlowLayout.m */ = {isa = PBXFileReference; lastKnownFileType = sourcecode.c.objc; path = DJCollectionViewFlowLayout.m; sourceTree = "<group>"; };
		68ECAA3520F7389000482E0A /* DJCollectionReusableView.h */ = {isa = PBXFileReference; lastKnownFileType = sourcecode.c.h; path = DJCollectionReusableView.h; sourceTree = "<group>"; };
		68ECAA3620F7389000482E0A /* DJCollectionReusableView.m */ = {isa = PBXFileReference; lastKnownFileType = sourcecode.c.objc; path = DJCollectionReusableView.m; sourceTree = "<group>"; };
		68ECAA3820F738AB00482E0A /* DJCollectionViewLayoutAttributes.h */ = {isa = PBXFileReference; lastKnownFileType = sourcecode.c.h; path = DJCollectionViewLayoutAttributes.h; sourceTree = "<group>"; };
		68ECAA3920F738AB00482E0A /* DJCollectionViewLayoutAttributes.m */ = {isa = PBXFileReference; lastKnownFileType = sourcecode.c.objc; path = DJCollectionViewLayoutAttributes.m; sourceTree = "<group>"; };
		68ECAA3B20F7424700482E0A /* CollectionReusableView.h */ = {isa = PBXFileReference; fileEncoding = 4; lastKnownFileType = sourcecode.c.h; path = CollectionReusableView.h; sourceTree = "<group>"; };
		68ECAA3C20F7424700482E0A /* CollectionReusableView.m */ = {isa = PBXFileReference; fileEncoding = 4; lastKnownFileType = sourcecode.c.objc; path = CollectionReusableView.m; sourceTree = "<group>"; };
		68ECAA3D20F7424800482E0A /* CollectionReusableView.xib */ = {isa = PBXFileReference; fileEncoding = 4; lastKnownFileType = file.xib; path = CollectionReusableView.xib; sourceTree = "<group>"; };
		68ECAA4020F74FE800482E0A /* JHCollectionReusableView.h */ = {isa = PBXFileReference; fileEncoding = 4; lastKnownFileType = sourcecode.c.h; path = JHCollectionReusableView.h; sourceTree = "<group>"; };
		68ECAA4120F74FE800482E0A /* JHCollectionViewFlowLayout.h */ = {isa = PBXFileReference; fileEncoding = 4; lastKnownFileType = sourcecode.c.h; path = JHCollectionViewFlowLayout.h; sourceTree = "<group>"; };
		68ECAA4220F74FE800482E0A /* JHCollectionViewLayoutAttributes.h */ = {isa = PBXFileReference; fileEncoding = 4; lastKnownFileType = sourcecode.c.h; path = JHCollectionViewLayoutAttributes.h; sourceTree = "<group>"; };
		68ECAA4320F74FE800482E0A /* JHCollectionViewLayoutAttributes.m */ = {isa = PBXFileReference; fileEncoding = 4; lastKnownFileType = sourcecode.c.objc; path = JHCollectionViewLayoutAttributes.m; sourceTree = "<group>"; };
		68ECAA4420F74FE800482E0A /* JHCollectionReusableView.m */ = {isa = PBXFileReference; fileEncoding = 4; lastKnownFileType = sourcecode.c.objc; path = JHCollectionReusableView.m; sourceTree = "<group>"; };
		68ECAA4520F74FE800482E0A /* JHCollectionViewFlowLayout.m */ = {isa = PBXFileReference; fileEncoding = 4; lastKnownFileType = sourcecode.c.objc; path = JHCollectionViewFlowLayout.m; sourceTree = "<group>"; };
		B76FE1278D7253EFC0941C78 /* Pods-DJDemo.release.xcconfig */ = {isa = PBXFileReference; includeInIndex = 1; lastKnownFileType = text.xcconfig; name = "Pods-DJDemo.release.xcconfig"; path = "Pods/Target Support Files/Pods-DJDemo/Pods-DJDemo.release.xcconfig"; sourceTree = "<group>"; };
		DACBDEE49C85287B17410F25 /* Pods-DJDemo.debug.xcconfig */ = {isa = PBXFileReference; includeInIndex = 1; lastKnownFileType = text.xcconfig; name = "Pods-DJDemo.debug.xcconfig"; path = "Pods/Target Support Files/Pods-DJDemo/Pods-DJDemo.debug.xcconfig"; sourceTree = "<group>"; };
/* End PBXFileReference section */

/* Begin PBXFrameworksBuildPhase section */
		688FBD602087395C00EF1924 /* Frameworks */ = {
			isa = PBXFrameworksBuildPhase;
			buildActionMask = 2147483647;
			files = (
				687C87BA20E33ADC00E9415C /* ImageIO.framework in Frameworks */,
				687C87B820E33AD200E9415C /* MobileCoreServices.framework in Frameworks */,
				6809EE8E20DA307600045E3A /* libsqlite3.tbd in Frameworks */,
				8E04A6790C83EED278776517 /* libPods-DJDemo.a in Frameworks */,
			);
			runOnlyForDeploymentPostprocessing = 0;
		};
		688FBD782087395C00EF1924 /* Frameworks */ = {
			isa = PBXFrameworksBuildPhase;
			buildActionMask = 2147483647;
			files = (
			);
			runOnlyForDeploymentPostprocessing = 0;
		};
		688FBD832087395C00EF1924 /* Frameworks */ = {
			isa = PBXFrameworksBuildPhase;
			buildActionMask = 2147483647;
			files = (
			);
			runOnlyForDeploymentPostprocessing = 0;
		};
/* End PBXFrameworksBuildPhase section */

/* Begin PBXGroup section */
		33CA4591FB3946B3B4DDCAD0 /* Frameworks */ = {
			isa = PBXGroup;
			children = (
				687C87B920E33ADC00E9415C /* ImageIO.framework */,
				687C87B720E33AD200E9415C /* MobileCoreServices.framework */,
				6809EE8D20DA307600045E3A /* libsqlite3.tbd */,
				540D95C51904798773DBC8AD /* libPods-DJDemo.a */,
			);
			name = Frameworks;
			sourceTree = "<group>";
		};
		687B832C20C93E4B006F11BC /* Models */ = {
			isa = PBXGroup;
			children = (
				687B832D20C93E5C006F11BC /* DJObject.h */,
				687B832E20C93E5C006F11BC /* DJObject.m */,
				6809EE8F20DA317300045E3A /* Student.h */,
				6809EE9020DA317300045E3A /* Student.m */,
			);
			path = Models;
			sourceTree = "<group>";
		};
		688FBD5A2087395C00EF1924 = {
			isa = PBXGroup;
			children = (
				688FBD652087395C00EF1924 /* DJDemo */,
				688FBD7E2087395C00EF1924 /* DJDemoTests */,
				688FBD892087395C00EF1924 /* DJDemoUITests */,
				688FBD642087395C00EF1924 /* Products */,
				E56E4C16A00C70BA5B8B9A03 /* Pods */,
				33CA4591FB3946B3B4DDCAD0 /* Frameworks */,
			);
			sourceTree = "<group>";
		};
		688FBD642087395C00EF1924 /* Products */ = {
			isa = PBXGroup;
			children = (
				688FBD632087395C00EF1924 /* DJDemo.app */,
				688FBD7B2087395C00EF1924 /* DJDemoTests.xctest */,
				688FBD862087395C00EF1924 /* DJDemoUITests.xctest */,
			);
			name = Products;
			sourceTree = "<group>";
		};
		688FBD652087395C00EF1924 /* DJDemo */ = {
			isa = PBXGroup;
			children = (
				68D6731120A19E7D00F24CBA /* Main */,
				68BD868A20BE770C0079B677 /* Category */,
				68D6731220A19EA400F24CBA /* Tools */,
				68D6731020A19E7300F24CBA /* BaseClass */,
				68D6731420A19F1A00F24CBA /* Libs */,
				68D6731320A19F0600F24CBA /* Resource */,
				68D6731520A19F4C00F24CBA /* Constants */,
				688FBD662087395C00EF1924 /* AppDelegate.h */,
				688FBD672087395C00EF1924 /* AppDelegate.m */,
				688FBD692087395C00EF1924 /* ViewController.h */,
				688FBD6A2087395C00EF1924 /* ViewController.m */,
				688FBD6F2087395C00EF1924 /* Assets.xcassets */,
				688FBD712087395C00EF1924 /* LaunchScreen.storyboard */,
				688FBD742087395C00EF1924 /* Info.plist */,
				688FBD752087395C00EF1924 /* main.m */,
				6809EE9220DA325A00045E3A /* PrefixHeader.pch */,
			);
			path = DJDemo;
			sourceTree = "<group>";
		};
		688FBD7E2087395C00EF1924 /* DJDemoTests */ = {
			isa = PBXGroup;
			children = (
				688FBD7F2087395C00EF1924 /* DJDemoTests.m */,
				688FBD812087395C00EF1924 /* Info.plist */,
			);
			path = DJDemoTests;
			sourceTree = "<group>";
		};
		688FBD892087395C00EF1924 /* DJDemoUITests */ = {
			isa = PBXGroup;
			children = (
				688FBD8A2087395C00EF1924 /* DJDemoUITests.m */,
				688FBD8C2087395C00EF1924 /* Info.plist */,
			);
			path = DJDemoUITests;
			sourceTree = "<group>";
		};
		68BD868A20BE770C0079B677 /* Category */ = {
			isa = PBXGroup;
			children = (
				68BD868E20BE771E0079B677 /* NSNull+NULLExtension.h */,
				68BD868B20BE771E0079B677 /* NSNull+NULLExtension.m */,
				68BD868C20BE771E0079B677 /* UIViewController+Animation.h */,
				68BD868D20BE771E0079B677 /* UIViewController+Animation.m */,
			);
			path = Category;
			sourceTree = "<group>";
		};
		68D6731020A19E7300F24CBA /* BaseClass */ = {
			isa = PBXGroup;
			children = (
				68ECAA3120F736CF00482E0A /* CollectionView */,
				68D6731920A2847A00F24CBA /* DJBaseNavigationController.h */,
				68D6731A20A2847A00F24CBA /* DJBaseNavigationController.m */,
				68D6731C20A2849200F24CBA /* DJBaseViewController.h */,
				68D6731D20A2849200F24CBA /* DJBaseViewController.m */,
			);
			path = BaseClass;
			sourceTree = "<group>";
		};
		68D6731120A19E7D00F24CBA /* Main */ = {
			isa = PBXGroup;
			children = (
				687B832C20C93E4B006F11BC /* Models */,
			);
			path = Main;
			sourceTree = "<group>";
		};
		68D6731220A19EA400F24CBA /* Tools */ = {
			isa = PBXGroup;
			children = (
				6809EE9320DA372300045E3A /* DJAlertView.h */,
				6809EE9620DA372300045E3A /* DJAlertView.m */,
				6809EE9520DA372300045E3A /* DJHud.h */,
				6809EE9420DA372300045E3A /* DJHud.m */,
			);
			path = Tools;
			sourceTree = "<group>";
		};
		68D6731320A19F0600F24CBA /* Resource */ = {
			isa = PBXGroup;
			children = (
				687C87BC20E33E2300E9415C /* ride.gif */,
				687C87BB20E33E2200E9415C /* run.gif */,
			);
			path = Resource;
			sourceTree = "<group>";
		};
		68D6731420A19F1A00F24CBA /* Libs */ = {
			isa = PBXGroup;
			children = (
				687C87B520E33A8800E9415C /* XHLoadingView.h */,
				687C87B420E33A8800E9415C /* XHLoadingView.m */,
			);
			path = Libs;
			sourceTree = "<group>";
		};
		68D6731520A19F4C00F24CBA /* Constants */ = {
			isa = PBXGroup;
			children = (
			);
			path = Constants;
			sourceTree = "<group>";
		};
		68ECAA3120F736CF00482E0A /* CollectionView */ = {
			isa = PBXGroup;
			children = (
				68ECAA4020F74FE800482E0A /* JHCollectionReusableView.h */,
				68ECAA4420F74FE800482E0A /* JHCollectionReusableView.m */,
				68ECAA4120F74FE800482E0A /* JHCollectionViewFlowLayout.h */,
				68ECAA4520F74FE800482E0A /* JHCollectionViewFlowLayout.m */,
				68ECAA4220F74FE800482E0A /* JHCollectionViewLayoutAttributes.h */,
				68ECAA4320F74FE800482E0A /* JHCollectionViewLayoutAttributes.m */,
				68ECAA3B20F7424700482E0A /* CollectionReusableView.h */,
				68ECAA3C20F7424700482E0A /* CollectionReusableView.m */,
				68ECAA3D20F7424800482E0A /* CollectionReusableView.xib */,
				68ECAA3220F736E100482E0A /* DJCollectionViewFlowLayout.h */,
				68ECAA3320F736E100482E0A /* DJCollectionViewFlowLayout.m */,
				68ECAA3520F7389000482E0A /* DJCollectionReusableView.h */,
				68ECAA3620F7389000482E0A /* DJCollectionReusableView.m */,
				68ECAA3820F738AB00482E0A /* DJCollectionViewLayoutAttributes.h */,
				68ECAA3920F738AB00482E0A /* DJCollectionViewLayoutAttributes.m */,
			);
			path = CollectionView;
			sourceTree = "<group>";
		};
		E56E4C16A00C70BA5B8B9A03 /* Pods */ = {
			isa = PBXGroup;
			children = (
				DACBDEE49C85287B17410F25 /* Pods-DJDemo.debug.xcconfig */,
				B76FE1278D7253EFC0941C78 /* Pods-DJDemo.release.xcconfig */,
			);
			name = Pods;
			sourceTree = "<group>";
		};
/* End PBXGroup section */

/* Begin PBXNativeTarget section */
		688FBD622087395C00EF1924 /* DJDemo */ = {
			isa = PBXNativeTarget;
			buildConfigurationList = 688FBD8F2087395C00EF1924 /* Build configuration list for PBXNativeTarget "DJDemo" */;
			buildPhases = (
				D5D71F1B87E31082ECB876C3 /* [CP] Check Pods Manifest.lock */,
				688FBD5F2087395C00EF1924 /* Sources */,
				688FBD602087395C00EF1924 /* Frameworks */,
				688FBD612087395C00EF1924 /* Resources */,
			);
			buildRules = (
			);
			dependencies = (
			);
			name = DJDemo;
			productName = DJDemo;
			productReference = 688FBD632087395C00EF1924 /* DJDemo.app */;
			productType = "com.apple.product-type.application";
		};
		688FBD7A2087395C00EF1924 /* DJDemoTests */ = {
			isa = PBXNativeTarget;
			buildConfigurationList = 688FBD922087395C00EF1924 /* Build configuration list for PBXNativeTarget "DJDemoTests" */;
			buildPhases = (
				688FBD772087395C00EF1924 /* Sources */,
				688FBD782087395C00EF1924 /* Frameworks */,
				688FBD792087395C00EF1924 /* Resources */,
			);
			buildRules = (
			);
			dependencies = (
				688FBD7D2087395C00EF1924 /* PBXTargetDependency */,
			);
			name = DJDemoTests;
			productName = DJDemoTests;
			productReference = 688FBD7B2087395C00EF1924 /* DJDemoTests.xctest */;
			productType = "com.apple.product-type.bundle.unit-test";
		};
		688FBD852087395C00EF1924 /* DJDemoUITests */ = {
			isa = PBXNativeTarget;
			buildConfigurationList = 688FBD952087395C00EF1924 /* Build configuration list for PBXNativeTarget "DJDemoUITests" */;
			buildPhases = (
				688FBD822087395C00EF1924 /* Sources */,
				688FBD832087395C00EF1924 /* Frameworks */,
				688FBD842087395C00EF1924 /* Resources */,
			);
			buildRules = (
			);
			dependencies = (
				688FBD882087395C00EF1924 /* PBXTargetDependency */,
			);
			name = DJDemoUITests;
			productName = DJDemoUITests;
			productReference = 688FBD862087395C00EF1924 /* DJDemoUITests.xctest */;
			productType = "com.apple.product-type.bundle.ui-testing";
		};
/* End PBXNativeTarget section */

/* Begin PBXProject section */
		688FBD5B2087395C00EF1924 /* Project object */ = {
			isa = PBXProject;
			attributes = {
				LastUpgradeCheck = 0910;
				ORGANIZATIONNAME = Sky;
				TargetAttributes = {
					688FBD622087395C00EF1924 = {
						CreatedOnToolsVersion = 9.1;
						ProvisioningStyle = Automatic;
					};
					688FBD7A2087395C00EF1924 = {
						CreatedOnToolsVersion = 9.1;
						ProvisioningStyle = Automatic;
						TestTargetID = 688FBD622087395C00EF1924;
					};
					688FBD852087395C00EF1924 = {
						CreatedOnToolsVersion = 9.1;
						ProvisioningStyle = Automatic;
						TestTargetID = 688FBD622087395C00EF1924;
					};
				};
			};
			buildConfigurationList = 688FBD5E2087395C00EF1924 /* Build configuration list for PBXProject "DJDemo" */;
			compatibilityVersion = "Xcode 8.0";
			developmentRegion = en;
			hasScannedForEncodings = 0;
			knownRegions = (
				en,
				Base,
			);
			mainGroup = 688FBD5A2087395C00EF1924;
			productRefGroup = 688FBD642087395C00EF1924 /* Products */;
			projectDirPath = "";
			projectRoot = "";
			targets = (
				688FBD622087395C00EF1924 /* DJDemo */,
				688FBD7A2087395C00EF1924 /* DJDemoTests */,
				688FBD852087395C00EF1924 /* DJDemoUITests */,
			);
		};
/* End PBXProject section */

/* Begin PBXResourcesBuildPhase section */
		688FBD612087395C00EF1924 /* Resources */ = {
			isa = PBXResourcesBuildPhase;
			buildActionMask = 2147483647;
			files = (
				68ECAA3F20F7424800482E0A /* CollectionReusableView.xib in Resources */,
				687C87BD20E33E2300E9415C /* run.gif in Resources */,
				688FBD732087395C00EF1924 /* LaunchScreen.storyboard in Resources */,
				687C87BE20E33E2300E9415C /* ride.gif in Resources */,
				688FBD702087395C00EF1924 /* Assets.xcassets in Resources */,
			);
			runOnlyForDeploymentPostprocessing = 0;
		};
		688FBD792087395C00EF1924 /* Resources */ = {
			isa = PBXResourcesBuildPhase;
			buildActionMask = 2147483647;
			files = (
			);
			runOnlyForDeploymentPostprocessing = 0;
		};
		688FBD842087395C00EF1924 /* Resources */ = {
			isa = PBXResourcesBuildPhase;
			buildActionMask = 2147483647;
			files = (
			);
			runOnlyForDeploymentPostprocessing = 0;
		};
/* End PBXResourcesBuildPhase section */

/* Begin PBXShellScriptBuildPhase section */
		D5D71F1B87E31082ECB876C3 /* [CP] Check Pods Manifest.lock */ = {
			isa = PBXShellScriptBuildPhase;
			buildActionMask = 2147483647;
			files = (
			);
			inputPaths = (
				"${PODS_PODFILE_DIR_PATH}/Podfile.lock",
				"${PODS_ROOT}/Manifest.lock",
			);
			name = "[CP] Check Pods Manifest.lock";
			outputPaths = (
				"$(DERIVED_FILE_DIR)/Pods-DJDemo-checkManifestLockResult.txt",
			);
			runOnlyForDeploymentPostprocessing = 0;
			shellPath = /bin/sh;
			shellScript = "diff \"${PODS_PODFILE_DIR_PATH}/Podfile.lock\" \"${PODS_ROOT}/Manifest.lock\" > /dev/null\nif [ $? != 0 ] ; then\n    # print error to STDERR\n    echo \"error: The sandbox is not in sync with the Podfile.lock. Run 'pod install' or update your CocoaPods installation.\" >&2\n    exit 1\nfi\n# This output is used by Xcode 'outputs' to avoid re-running this script phase.\necho \"SUCCESS\" > \"${SCRIPT_OUTPUT_FILE_0}\"\n";
			showEnvVarsInLog = 0;
		};
/* End PBXShellScriptBuildPhase section */

/* Begin PBXSourcesBuildPhase section */
		688FBD5F2087395C00EF1924 /* Sources */ = {
			isa = PBXSourcesBuildPhase;
			buildActionMask = 2147483647;
			files = (
				68D6731B20A2847A00F24CBA /* DJBaseNavigationController.m in Sources */,
				688FBD6B2087395C00EF1924 /* ViewController.m in Sources */,
				68ECAA3420F736E100482E0A /* DJCollectionViewFlowLayout.m in Sources */,
				68ECAA3A20F738AB00482E0A /* DJCollectionViewLayoutAttributes.m in Sources */,
				68ECAA4620F74FE800482E0A /* JHCollectionViewLayoutAttributes.m in Sources */,
				687B832F20C93E5C006F11BC /* DJObject.m in Sources */,
				68BD868F20BE771E0079B677 /* NSNull+NULLExtension.m in Sources */,
				6809EE9820DA372300045E3A /* DJAlertView.m in Sources */,
				6809EE9720DA372300045E3A /* DJHud.m in Sources */,
				688FBD762087395C00EF1924 /* main.m in Sources */,
				68BD869020BE771E0079B677 /* UIViewController+Animation.m in Sources */,
				6809EE9120DA317400045E3A /* Student.m in Sources */,
				688FBD682087395C00EF1924 /* AppDelegate.m in Sources */,
				68ECAA4720F74FE800482E0A /* JHCollectionReusableView.m in Sources */,
				68ECAA3720F7389000482E0A /* DJCollectionReusableView.m in Sources */,
				68ECAA4820F74FE800482E0A /* JHCollectionViewFlowLayout.m in Sources */,
				68ECAA3E20F7424800482E0A /* CollectionReusableView.m in Sources */,
				687C87B620E33A8900E9415C /* XHLoadingView.m in Sources */,
				68D6731E20A2849200F24CBA /* DJBaseViewController.m in Sources */,
			);
			runOnlyForDeploymentPostprocessing = 0;
		};
		688FBD772087395C00EF1924 /* Sources */ = {
			isa = PBXSourcesBuildPhase;
			buildActionMask = 2147483647;
			files = (
				688FBD802087395C00EF1924 /* DJDemoTests.m in Sources */,
			);
			runOnlyForDeploymentPostprocessing = 0;
		};
		688FBD822087395C00EF1924 /* Sources */ = {
			isa = PBXSourcesBuildPhase;
			buildActionMask = 2147483647;
			files = (
				688FBD8B2087395C00EF1924 /* DJDemoUITests.m in Sources */,
			);
			runOnlyForDeploymentPostprocessing = 0;
		};
/* End PBXSourcesBuildPhase section */

/* Begin PBXTargetDependency section */
		688FBD7D2087395C00EF1924 /* PBXTargetDependency */ = {
			isa = PBXTargetDependency;
			target = 688FBD622087395C00EF1924 /* DJDemo */;
			targetProxy = 688FBD7C2087395C00EF1924 /* PBXContainerItemProxy */;
		};
		688FBD882087395C00EF1924 /* PBXTargetDependency */ = {
			isa = PBXTargetDependency;
			target = 688FBD622087395C00EF1924 /* DJDemo */;
			targetProxy = 688FBD872087395C00EF1924 /* PBXContainerItemProxy */;
		};
/* End PBXTargetDependency section */

/* Begin PBXVariantGroup section */
		688FBD712087395C00EF1924 /* LaunchScreen.storyboard */ = {
			isa = PBXVariantGroup;
			children = (
				688FBD722087395C00EF1924 /* Base */,
			);
			name = LaunchScreen.storyboard;
			sourceTree = "<group>";
		};
/* End PBXVariantGroup section */

/* Begin XCBuildConfiguration section */
		688FBD8D2087395C00EF1924 /* Debug */ = {
			isa = XCBuildConfiguration;
			buildSettings = {
				ALWAYS_SEARCH_USER_PATHS = NO;
				CLANG_ANALYZER_NONNULL = YES;
				CLANG_ANALYZER_NUMBER_OBJECT_CONVERSION = YES_AGGRESSIVE;
				CLANG_CXX_LANGUAGE_STANDARD = "gnu++14";
				CLANG_CXX_LIBRARY = "libc++";
				CLANG_ENABLE_MODULES = YES;
				CLANG_ENABLE_OBJC_ARC = YES;
				CLANG_WARN_BLOCK_CAPTURE_AUTORELEASING = YES;
				CLANG_WARN_BOOL_CONVERSION = YES;
				CLANG_WARN_COMMA = YES;
				CLANG_WARN_CONSTANT_CONVERSION = YES;
				CLANG_WARN_DIRECT_OBJC_ISA_USAGE = YES_ERROR;
				CLANG_WARN_DOCUMENTATION_COMMENTS = YES;
				CLANG_WARN_EMPTY_BODY = YES;
				CLANG_WARN_ENUM_CONVERSION = YES;
				CLANG_WARN_INFINITE_RECURSION = YES;
				CLANG_WARN_INT_CONVERSION = YES;
				CLANG_WARN_NON_LITERAL_NULL_CONVERSION = YES;
				CLANG_WARN_OBJC_LITERAL_CONVERSION = YES;
				CLANG_WARN_OBJC_ROOT_CLASS = YES_ERROR;
				CLANG_WARN_RANGE_LOOP_ANALYSIS = YES;
				CLANG_WARN_STRICT_PROTOTYPES = YES;
				CLANG_WARN_SUSPICIOUS_MOVE = YES;
				CLANG_WARN_UNGUARDED_AVAILABILITY = YES_AGGRESSIVE;
				CLANG_WARN_UNREACHABLE_CODE = YES;
				CLANG_WARN__DUPLICATE_METHOD_MATCH = YES;
				CODE_SIGN_IDENTITY = "iPhone Developer";
				CODE_SIGN_STYLE = Manual;
				COPY_PHASE_STRIP = NO;
				DEBUG_INFORMATION_FORMAT = dwarf;
				DEVELOPMENT_TEAM = TSMHUHZH8P;
				ENABLE_STRICT_OBJC_MSGSEND = YES;
				ENABLE_TESTABILITY = YES;
				GCC_C_LANGUAGE_STANDARD = gnu11;
				GCC_DYNAMIC_NO_PIC = NO;
				GCC_NO_COMMON_BLOCKS = YES;
				GCC_OPTIMIZATION_LEVEL = 0;
				GCC_PREPROCESSOR_DEFINITIONS = (
					"DEBUG=1",
					"$(inherited)",
				);
				GCC_WARN_64_TO_32_BIT_CONVERSION = YES;
				GCC_WARN_ABOUT_RETURN_TYPE = YES_ERROR;
				GCC_WARN_UNDECLARED_SELECTOR = YES;
				GCC_WARN_UNINITIALIZED_AUTOS = YES_AGGRESSIVE;
				GCC_WARN_UNUSED_FUNCTION = YES;
				GCC_WARN_UNUSED_VARIABLE = YES;
				IPHONEOS_DEPLOYMENT_TARGET = 11.1;
				MTL_ENABLE_DEBUG_INFO = YES;
				ONLY_ACTIVE_ARCH = YES;
				SDKROOT = iphoneos;
			};
			name = Debug;
		};
		688FBD8E2087395C00EF1924 /* Release */ = {
			isa = XCBuildConfiguration;
			buildSettings = {
				ALWAYS_SEARCH_USER_PATHS = NO;
				CLANG_ANALYZER_NONNULL = YES;
				CLANG_ANALYZER_NUMBER_OBJECT_CONVERSION = YES_AGGRESSIVE;
				CLANG_CXX_LANGUAGE_STANDARD = "gnu++14";
				CLANG_CXX_LIBRARY = "libc++";
				CLANG_ENABLE_MODULES = YES;
				CLANG_ENABLE_OBJC_ARC = YES;
				CLANG_WARN_BLOCK_CAPTURE_AUTORELEASING = YES;
				CLANG_WARN_BOOL_CONVERSION = YES;
				CLANG_WARN_COMMA = YES;
				CLANG_WARN_CONSTANT_CONVERSION = YES;
				CLANG_WARN_DIRECT_OBJC_ISA_USAGE = YES_ERROR;
				CLANG_WARN_DOCUMENTATION_COMMENTS = YES;
				CLANG_WARN_EMPTY_BODY = YES;
				CLANG_WARN_ENUM_CONVERSION = YES;
				CLANG_WARN_INFINITE_RECURSION = YES;
				CLANG_WARN_INT_CONVERSION = YES;
				CLANG_WARN_NON_LITERAL_NULL_CONVERSION = YES;
				CLANG_WARN_OBJC_LITERAL_CONVERSION = YES;
				CLANG_WARN_OBJC_ROOT_CLASS = YES_ERROR;
				CLANG_WARN_RANGE_LOOP_ANALYSIS = YES;
				CLANG_WARN_STRICT_PROTOTYPES = YES;
				CLANG_WARN_SUSPICIOUS_MOVE = YES;
				CLANG_WARN_UNGUARDED_AVAILABILITY = YES_AGGRESSIVE;
				CLANG_WARN_UNREACHABLE_CODE = YES;
				CLANG_WARN__DUPLICATE_METHOD_MATCH = YES;
				CODE_SIGN_IDENTITY = "iPhone Developer";
				CODE_SIGN_STYLE = Manual;
				COPY_PHASE_STRIP = NO;
				DEBUG_INFORMATION_FORMAT = "dwarf-with-dsym";
				DEVELOPMENT_TEAM = TSMHUHZH8P;
				ENABLE_NS_ASSERTIONS = NO;
				ENABLE_STRICT_OBJC_MSGSEND = YES;
				GCC_C_LANGUAGE_STANDARD = gnu11;
				GCC_NO_COMMON_BLOCKS = YES;
				GCC_WARN_64_TO_32_BIT_CONVERSION = YES;
				GCC_WARN_ABOUT_RETURN_TYPE = YES_ERROR;
				GCC_WARN_UNDECLARED_SELECTOR = YES;
				GCC_WARN_UNINITIALIZED_AUTOS = YES_AGGRESSIVE;
				GCC_WARN_UNUSED_FUNCTION = YES;
				GCC_WARN_UNUSED_VARIABLE = YES;
				IPHONEOS_DEPLOYMENT_TARGET = 11.1;
				MTL_ENABLE_DEBUG_INFO = NO;
				SDKROOT = iphoneos;
				VALIDATE_PRODUCT = YES;
			};
			name = Release;
		};
		688FBD902087395C00EF1924 /* Debug */ = {
			isa = XCBuildConfiguration;
			baseConfigurationReference = DACBDEE49C85287B17410F25 /* Pods-DJDemo.debug.xcconfig */;
			buildSettings = {
				ASSETCATALOG_COMPILER_APPICON_NAME = AppIcon;
				CODE_SIGN_IDENTITY = "iPhone Developer";
				CODE_SIGN_STYLE = Automatic;
				DEVELOPMENT_TEAM = TSMHUHZH8P;
				GCC_PREFIX_HEADER = "$(SRCROOT)/DJDemo/PrefixHeader.pch";
				INFOPLIST_FILE = DJDemo/Info.plist;
				LD_RUNPATH_SEARCH_PATHS = "$(inherited) @executable_path/Frameworks";
				PRODUCT_BUNDLE_IDENTIFIER = com.djj.DJDemo;
				PRODUCT_NAME = "$(TARGET_NAME)";
				PROVISIONING_PROFILE_SPECIFIER = "";
				TARGETED_DEVICE_FAMILY = "1,2";
			};
			name = Debug;
		};
		688FBD912087395C00EF1924 /* Release */ = {
			isa = XCBuildConfiguration;
			baseConfigurationReference = B76FE1278D7253EFC0941C78 /* Pods-DJDemo.release.xcconfig */;
			buildSettings = {
				ASSETCATALOG_COMPILER_APPICON_NAME = AppIcon;
				CODE_SIGN_IDENTITY = "iPhone Developer";
				CODE_SIGN_STYLE = Automatic;
				DEVELOPMENT_TEAM = TSMHUHZH8P;
				GCC_PREFIX_HEADER = "$(SRCROOT)/DJDemo/PrefixHeader.pch";
				INFOPLIST_FILE = DJDemo/Info.plist;
				LD_RUNPATH_SEARCH_PATHS = "$(inherited) @executable_path/Frameworks";
				PRODUCT_BUNDLE_IDENTIFIER = com.djj.DJDemo;
				PRODUCT_NAME = "$(TARGET_NAME)";
				PROVISIONING_PROFILE_SPECIFIER = "";
				TARGETED_DEVICE_FAMILY = "1,2";
			};
			name = Release;
		};
		688FBD932087395C00EF1924 /* Debug */ = {
			isa = XCBuildConfiguration;
			buildSettings = {
				BUNDLE_LOADER = "$(TEST_HOST)";
				CODE_SIGN_STYLE = Automatic;
				DEVELOPMENT_TEAM = TSMHUHZH8P;
				INFOPLIST_FILE = DJDemoTests/Info.plist;
				LD_RUNPATH_SEARCH_PATHS = "$(inherited) @executable_path/Frameworks @loader_path/Frameworks";
				PRODUCT_BUNDLE_IDENTIFIER = com.djj.DJDemoTests;
				PRODUCT_NAME = "$(TARGET_NAME)";
				TARGETED_DEVICE_FAMILY = "1,2";
				TEST_HOST = "$(BUILT_PRODUCTS_DIR)/DJDemo.app/DJDemo";
			};
			name = Debug;
		};
		688FBD942087395C00EF1924 /* Release */ = {
			isa = XCBuildConfiguration;
			buildSettings = {
				BUNDLE_LOADER = "$(TEST_HOST)";
				CODE_SIGN_STYLE = Automatic;
				DEVELOPMENT_TEAM = TSMHUHZH8P;
				INFOPLIST_FILE = DJDemoTests/Info.plist;
				LD_RUNPATH_SEARCH_PATHS = "$(inherited) @executable_path/Frameworks @loader_path/Frameworks";
				PRODUCT_BUNDLE_IDENTIFIER = com.djj.DJDemoTests;
				PRODUCT_NAME = "$(TARGET_NAME)";
				TARGETED_DEVICE_FAMILY = "1,2";
				TEST_HOST = "$(BUILT_PRODUCTS_DIR)/DJDemo.app/DJDemo";
			};
			name = Release;
		};
		688FBD962087395C00EF1924 /* Debug */ = {
			isa = XCBuildConfiguration;
			buildSettings = {
				CODE_SIGN_STYLE = Automatic;
				DEVELOPMENT_TEAM = TSMHUHZH8P;
				INFOPLIST_FILE = DJDemoUITests/Info.plist;
				LD_RUNPATH_SEARCH_PATHS = "$(inherited) @executable_path/Frameworks @loader_path/Frameworks";
				PRODUCT_BUNDLE_IDENTIFIER = com.djj.DJDemoUITests;
				PRODUCT_NAME = "$(TARGET_NAME)";
				TARGETED_DEVICE_FAMILY = "1,2";
				TEST_TARGET_NAME = DJDemo;
			};
			name = Debug;
		};
		688FBD972087395C00EF1924 /* Release */ = {
			isa = XCBuildConfiguration;
			buildSettings = {
				CODE_SIGN_STYLE = Automatic;
				DEVELOPMENT_TEAM = TSMHUHZH8P;
				INFOPLIST_FILE = DJDemoUITests/Info.plist;
				LD_RUNPATH_SEARCH_PATHS = "$(inherited) @executable_path/Frameworks @loader_path/Frameworks";
				PRODUCT_BUNDLE_IDENTIFIER = com.djj.DJDemoUITests;
				PRODUCT_NAME = "$(TARGET_NAME)";
				TARGETED_DEVICE_FAMILY = "1,2";
				TEST_TARGET_NAME = DJDemo;
			};
			name = Release;
		};
/* End XCBuildConfiguration section */

/* Begin XCConfigurationList section */
		688FBD5E2087395C00EF1924 /* Build configuration list for PBXProject "DJDemo" */ = {
			isa = XCConfigurationList;
			buildConfigurations = (
				688FBD8D2087395C00EF1924 /* Debug */,
				688FBD8E2087395C00EF1924 /* Release */,
			);
			defaultConfigurationIsVisible = 0;
			defaultConfigurationName = Release;
		};
		688FBD8F2087395C00EF1924 /* Build configuration list for PBXNativeTarget "DJDemo" */ = {
			isa = XCConfigurationList;
			buildConfigurations = (
				688FBD902087395C00EF1924 /* Debug */,
				688FBD912087395C00EF1924 /* Release */,
			);
			defaultConfigurationIsVisible = 0;
			defaultConfigurationName = Release;
		};
		688FBD922087395C00EF1924 /* Build configuration list for PBXNativeTarget "DJDemoTests" */ = {
			isa = XCConfigurationList;
			buildConfigurations = (
				688FBD932087395C00EF1924 /* Debug */,
				688FBD942087395C00EF1924 /* Release */,
			);
			defaultConfigurationIsVisible = 0;
			defaultConfigurationName = Release;
		};
		688FBD952087395C00EF1924 /* Build configuration list for PBXNativeTarget "DJDemoUITests" */ = {
			isa = XCConfigurationList;
			buildConfigurations = (
				688FBD962087395C00EF1924 /* Debug */,
				688FBD972087395C00EF1924 /* Release */,
			);
			defaultConfigurationIsVisible = 0;
			defaultConfigurationName = Release;
		};
/* End XCConfigurationList section */
	};
	rootObject = 688FBD5B2087395C00EF1924 /* Project object */;
}
